
Microsoft Visual Studio Solution File, Format Version 12.00
# Visual Studio Version 16
VisualStudioVersion = 16.0.31624.102
MinimumVisualStudioVersion = 10.0.40219.1
Project("{9A19103F-16F7-4668-BE54-9A1E7A4F7556}") = "Lesson-7", "Lesson-7\Lesson-7.csproj", "{726553A5-189A-4651-A713-2F3DF94884D5}"
EndProject
Project("{9A19103F-16F7-4668-BE54-9A1E7A4F7556}") = "TestsOfLesson7", "TestsOfLesson7\TestsOfLesson7.csproj", "{4A63A9EA-B2B2-4D7A-B866-5E18EA473A59}"
EndProject
Project("{FAE04EC0-301F-11D3-BF4B-00C04F79EFBC}") = "Lesson-7-Part2", "Lesson-7-Part2\Lesson-7-Part2.csproj", "{49410B06-2815-4C5F-9140-65A19AF13585}"
EndProject
Global
	GlobalSection(SolutionConfigurationPlatforms) = preSolution
		Debug|Any CPU = Debug|Any CPU
		Release|Any CPU = Release|Any CPU
	EndGlobalSection
	GlobalSection(ProjectConfigurationPlatforms) = postSolution
		{726553A5-189A-4651-A713-2F3DF94884D5}.Debug|Any CPU.ActiveCfg = Debug|Any CPU
		{726553A5-189A-4651-A713-2F3DF94884D5}.Debug|Any CPU.Build.0 = Debug|Any CPU
		{726553A5-189A-4651-A713-2F3DF94884D5}.Release|Any CPU.ActiveCfg = Release|Any CPU
		{726553A5-189A-4651-A713-2F3DF94884D5}.Release|Any CPU.Build.0 = Release|Any CPU
		{4A63A9EA-B2B2-4D7A-B866-5E18EA473A59}.Debug|Any CPU.ActiveCfg = Debug|Any CPU
		{4A63A9EA-B2B2-4D7A-B866-5E18EA473A59}.Debug|Any CPU.Build.0 = Debug|Any CPU
		{4A63A9EA-B2B2-4D7A-B866-5E18EA473A59}.Release|Any CPU.ActiveCfg = Release|Any CPU
		{4A63A9EA-B2B2-4D7A-B866-5E18EA473A59}.Release|Any CPU.Build.0 = Release|Any CPU
		{49410B06-2815-4C5F-9140-65A19AF13585}.Debug|Any CPU.ActiveCfg = Debug|Any CPU
		{49410B06-2815-4C5F-9140-65A19AF13585}.Debug|Any CPU.Build.0 = Debug|Any CPU
		{49410B06-2815-4C5F-9140-65A19AF13585}.Release|Any CPU.ActiveCfg = Release|Any CPU
		{49410B06-2815-4C5F-9140-65A19AF13585}.Release|Any CPU.Build.0 = Release|Any CPU
	EndGlobalSection
	GlobalSection(SolutionProperties) = preSolution
		HideSolutionNode = FALSE
	EndGlobalSection
	GlobalSection(ExtensibilityGlobals) = postSolution
		SolutionGuid = {7CDF72BC-C5CB-4382-A08F-23D018D8A76C}
	EndGlobalSection
EndGlobal
