
Microsoft Visual Studio Solution File, Format Version 12.00
# Visual Studio Version 16
VisualStudioVersion = 16.0.31702.278
MinimumVisualStudioVersion = 10.0.40219.1
Project("{9A19103F-16F7-4668-BE54-9A1E7A4F7556}") = "Lesson-2", "Lesson-2\Lesson-2.csproj", "{C0E22988-4432-4CCC-9D64-F5C71700BF50}"
EndProject
Project("{9A19103F-16F7-4668-BE54-9A1E7A4F7556}") = "BankAccountTests", "Lesson-3\BankAccountTests\BankAccountTests.csproj", "{9CF4E7BF-BF9F-4828-B55A-161AFA7F5277}"
EndProject
Project("{FAE04EC0-301F-11D3-BF4B-00C04F79EFBC}") = "WorkWithStringsInFile", "Lesson-3\WorkWithStringsInFile\WorkWithStringsInFile.csproj", "{8961F357-CDB9-4AF4-B561-1B00B5C0C475}"
EndProject
Global
	GlobalSection(SolutionConfigurationPlatforms) = preSolution
		Debug|Any CPU = Debug|Any CPU
		Release|Any CPU = Release|Any CPU
	EndGlobalSection
	GlobalSection(ProjectConfigurationPlatforms) = postSolution
		{C0E22988-4432-4CCC-9D64-F5C71700BF50}.Debug|Any CPU.ActiveCfg = Debug|Any CPU
		{C0E22988-4432-4CCC-9D64-F5C71700BF50}.Debug|Any CPU.Build.0 = Debug|Any CPU
		{C0E22988-4432-4CCC-9D64-F5C71700BF50}.Release|Any CPU.ActiveCfg = Release|Any CPU
		{C0E22988-4432-4CCC-9D64-F5C71700BF50}.Release|Any CPU.Build.0 = Release|Any CPU
		{9CF4E7BF-BF9F-4828-B55A-161AFA7F5277}.Debug|Any CPU.ActiveCfg = Debug|Any CPU
		{9CF4E7BF-BF9F-4828-B55A-161AFA7F5277}.Debug|Any CPU.Build.0 = Debug|Any CPU
		{9CF4E7BF-BF9F-4828-B55A-161AFA7F5277}.Release|Any CPU.ActiveCfg = Release|Any CPU
		{9CF4E7BF-BF9F-4828-B55A-161AFA7F5277}.Release|Any CPU.Build.0 = Release|Any CPU
		{8961F357-CDB9-4AF4-B561-1B00B5C0C475}.Debug|Any CPU.ActiveCfg = Debug|Any CPU
		{8961F357-CDB9-4AF4-B561-1B00B5C0C475}.Debug|Any CPU.Build.0 = Debug|Any CPU
		{8961F357-CDB9-4AF4-B561-1B00B5C0C475}.Release|Any CPU.ActiveCfg = Release|Any CPU
		{8961F357-CDB9-4AF4-B561-1B00B5C0C475}.Release|Any CPU.Build.0 = Release|Any CPU
	EndGlobalSection
	GlobalSection(SolutionProperties) = preSolution
		HideSolutionNode = FALSE
	EndGlobalSection
	GlobalSection(ExtensibilityGlobals) = postSolution
		SolutionGuid = {BA12CBC7-2E9C-472D-B39A-7AD51504C44A}
	EndGlobalSection
EndGlobal
